
Microsoft Visual Studio Solution File, Format Version 12.00
# Visual Studio 14
VisualStudioVersion = 14.0.22823.1
MinimumVisualStudioVersion = 10.0.40219.1
Project("{FAE04EC0-301F-11D3-BF4B-00C04F79EFBC}") = "SPServer", "SPServer\SPServer.csproj", "{4D6EEA9B-2797-454C-A93B-E8B63655A5DC}"
	ProjectSection(ProjectDependencies) = postProject
		{E1F918F4-F581-4280-9D91-3CF77B24C290} = {E1F918F4-F581-4280-9D91-3CF77B24C290}
		{918525F6-635E-4D56-A85C-7F4C5E95E822} = {918525F6-635E-4D56-A85C-7F4C5E95E822}
	EndProjectSection
EndProject
Project("{FAE04EC0-301F-11D3-BF4B-00C04F79EFBC}") = "LoadBalancing", "..\Loadbalancing\LoadBalancing\LoadBalancing.csproj", "{918525F6-635E-4D56-A85C-7F4C5E95E822}"
EndProject
Project("{FAE04EC0-301F-11D3-BF4B-00C04F79EFBC}") = "Lite", "..\Lite\Lite\Lite.csproj", "{E1F918F4-F581-4280-9D91-3CF77B24C290}"
EndProject
Project("{8BC9CEB8-8B4A-11D0-8D11-00A0C91BC942}") = "Debugger", "Project1\Project1.vcxproj", "{0CEB4F7C-FAE5-4CF9-8292-CEA5AE573058}"
	ProjectSection(ProjectDependencies) = postProject
		{4D6EEA9B-2797-454C-A93B-E8B63655A5DC} = {4D6EEA9B-2797-454C-A93B-E8B63655A5DC}
		{E1F918F4-F581-4280-9D91-3CF77B24C290} = {E1F918F4-F581-4280-9D91-3CF77B24C290}
		{918525F6-635E-4D56-A85C-7F4C5E95E822} = {918525F6-635E-4D56-A85C-7F4C5E95E822}
	EndProjectSection
EndProject
Project("{FAE04EC0-301F-11D3-BF4B-00C04F79EFBC}") = "SPShared", "..\SPShared\SPShared.csproj", "{643431C5-E708-4E5C-AA2C-7C3B2E952C6B}"
EndProject
Global
	GlobalSection(SolutionConfigurationPlatforms) = preSolution
		Debug|Any CPU = Debug|Any CPU
		Debug|x86 = Debug|x86
		Release|Any CPU = Release|Any CPU
		Release|x86 = Release|x86
	EndGlobalSection
	GlobalSection(ProjectConfigurationPlatforms) = postSolution
		{4D6EEA9B-2797-454C-A93B-E8B63655A5DC}.Debug|Any CPU.ActiveCfg = Debug|Any CPU
		{4D6EEA9B-2797-454C-A93B-E8B63655A5DC}.Debug|Any CPU.Build.0 = Debug|Any CPU
		{4D6EEA9B-2797-454C-A93B-E8B63655A5DC}.Debug|x86.ActiveCfg = Debug|Any CPU
		{4D6EEA9B-2797-454C-A93B-E8B63655A5DC}.Debug|x86.Build.0 = Debug|Any CPU
		{4D6EEA9B-2797-454C-A93B-E8B63655A5DC}.Release|Any CPU.ActiveCfg = Release|Any CPU
		{4D6EEA9B-2797-454C-A93B-E8B63655A5DC}.Release|Any CPU.Build.0 = Release|Any CPU
		{4D6EEA9B-2797-454C-A93B-E8B63655A5DC}.Release|x86.ActiveCfg = Release|Any CPU
		{4D6EEA9B-2797-454C-A93B-E8B63655A5DC}.Release|x86.Build.0 = Release|Any CPU
		{918525F6-635E-4D56-A85C-7F4C5E95E822}.Debug|Any CPU.ActiveCfg = Debug|Any CPU
		{918525F6-635E-4D56-A85C-7F4C5E95E822}.Debug|Any CPU.Build.0 = Debug|Any CPU
		{918525F6-635E-4D56-A85C-7F4C5E95E822}.Debug|x86.ActiveCfg = Debug|Any CPU
		{918525F6-635E-4D56-A85C-7F4C5E95E822}.Debug|x86.Build.0 = Debug|Any CPU
		{918525F6-635E-4D56-A85C-7F4C5E95E822}.Release|Any CPU.ActiveCfg = Release|Any CPU
		{918525F6-635E-4D56-A85C-7F4C5E95E822}.Release|Any CPU.Build.0 = Release|Any CPU
		{918525F6-635E-4D56-A85C-7F4C5E95E822}.Release|x86.ActiveCfg = Release|Any CPU
		{918525F6-635E-4D56-A85C-7F4C5E95E822}.Release|x86.Build.0 = Release|Any CPU
		{E1F918F4-F581-4280-9D91-3CF77B24C290}.Debug|Any CPU.ActiveCfg = Debug|Any CPU
		{E1F918F4-F581-4280-9D91-3CF77B24C290}.Debug|Any CPU.Build.0 = Debug|Any CPU
		{E1F918F4-F581-4280-9D91-3CF77B24C290}.Debug|x86.ActiveCfg = Debug|Any CPU
		{E1F918F4-F581-4280-9D91-3CF77B24C290}.Debug|x86.Build.0 = Debug|Any CPU
		{E1F918F4-F581-4280-9D91-3CF77B24C290}.Release|Any CPU.ActiveCfg = Release|Any CPU
		{E1F918F4-F581-4280-9D91-3CF77B24C290}.Release|Any CPU.Build.0 = Release|Any CPU
		{E1F918F4-F581-4280-9D91-3CF77B24C290}.Release|x86.ActiveCfg = Release|Any CPU
		{E1F918F4-F581-4280-9D91-3CF77B24C290}.Release|x86.Build.0 = Release|Any CPU
		{0CEB4F7C-FAE5-4CF9-8292-CEA5AE573058}.Debug|Any CPU.ActiveCfg = Debug|Win32
		{0CEB4F7C-FAE5-4CF9-8292-CEA5AE573058}.Debug|x86.ActiveCfg = Debug|Win32
		{0CEB4F7C-FAE5-4CF9-8292-CEA5AE573058}.Debug|x86.Build.0 = Debug|Win32
		{0CEB4F7C-FAE5-4CF9-8292-CEA5AE573058}.Release|Any CPU.ActiveCfg = Release|Win32
		{0CEB4F7C-FAE5-4CF9-8292-CEA5AE573058}.Release|x86.ActiveCfg = Release|Win32
		{0CEB4F7C-FAE5-4CF9-8292-CEA5AE573058}.Release|x86.Build.0 = Release|Win32
		{643431C5-E708-4E5C-AA2C-7C3B2E952C6B}.Debug|Any CPU.ActiveCfg = Debug|Any CPU
		{643431C5-E708-4E5C-AA2C-7C3B2E952C6B}.Debug|Any CPU.Build.0 = Debug|Any CPU
		{643431C5-E708-4E5C-AA2C-7C3B2E952C6B}.Debug|x86.ActiveCfg = Debug|Any CPU
		{643431C5-E708-4E5C-AA2C-7C3B2E952C6B}.Debug|x86.Build.0 = Debug|Any CPU
		{643431C5-E708-4E5C-AA2C-7C3B2E952C6B}.Release|Any CPU.ActiveCfg = Release|Any CPU
		{643431C5-E708-4E5C-AA2C-7C3B2E952C6B}.Release|Any CPU.Build.0 = Release|Any CPU
		{643431C5-E708-4E5C-AA2C-7C3B2E952C6B}.Release|x86.ActiveCfg = Release|Any CPU
		{643431C5-E708-4E5C-AA2C-7C3B2E952C6B}.Release|x86.Build.0 = Release|Any CPU
	EndGlobalSection
	GlobalSection(SolutionProperties) = preSolution
		HideSolutionNode = FALSE
	EndGlobalSection
EndGlobal
