
Microsoft Visual Studio Solution File, Format Version 12.00
# Visual Studio 14
VisualStudioVersion = 14.0.22823.1
MinimumVisualStudioVersion = 10.0.40219.1
Project("{FAE04EC0-301F-11D3-BF4B-00C04F79EFBC}") = "SPServer", "SPServer\SPServer.csproj", "{4D6EEA9B-2797-454C-A93B-E8B63655A5DC}"
	ProjectSection(ProjectDependencies) = postProject
		{E1F918F4-F581-4280-9D91-3CF77B24C290} = {E1F918F4-F581-4280-9D91-3CF77B24C290}
		{918525F6-635E-4D56-A85C-7F4C5E95E822} = {918525F6-635E-4D56-A85C-7F4C5E95E822}
		{0B50A4FE-EC0F-49ED-9B92-D291F334299C} = {0B50A4FE-EC0F-49ED-9B92-D291F334299C}
	EndProjectSection
EndProject
Project("{FAE04EC0-301F-11D3-BF4B-00C04F79EFBC}") = "LoadBalancing", "..\Loadbalancing\LoadBalancing\LoadBalancing.csproj", "{918525F6-635E-4D56-A85C-7F4C5E95E822}"
EndProject
Project("{FAE04EC0-301F-11D3-BF4B-00C04F79EFBC}") = "Lite", "..\Lite\Lite\Lite.csproj", "{E1F918F4-F581-4280-9D91-3CF77B24C290}"
EndProject
Project("{FAE04EC0-301F-11D3-BF4B-00C04F79EFBC}") = "SPShared", "..\SPShared\SPShared\SPShared.csproj", "{0B50A4FE-EC0F-49ED-9B92-D291F334299C}"
EndProject
Project("{8BC9CEB8-8B4A-11D0-8D11-00A0C91BC942}") = "Debugger", "Debugger\Debugger.vcxproj", "{0521BF9C-A5A1-4AEA-9FB5-AADEF38343E2}"
	ProjectSection(ProjectDependencies) = postProject
		{4D6EEA9B-2797-454C-A93B-E8B63655A5DC} = {4D6EEA9B-2797-454C-A93B-E8B63655A5DC}
		{0B50A4FE-EC0F-49ED-9B92-D291F334299C} = {0B50A4FE-EC0F-49ED-9B92-D291F334299C}
	EndProjectSection
EndProject
Global
	GlobalSection(SolutionConfigurationPlatforms) = preSolution
		Debug|Any CPU = Debug|Any CPU
		Debug|x86 = Debug|x86
		Release|Any CPU = Release|Any CPU
		Release|x86 = Release|x86
	EndGlobalSection
	GlobalSection(ProjectConfigurationPlatforms) = postSolution
		{4D6EEA9B-2797-454C-A93B-E8B63655A5DC}.Debug|Any CPU.ActiveCfg = Debug|Any CPU
		{4D6EEA9B-2797-454C-A93B-E8B63655A5DC}.Debug|Any CPU.Build.0 = Debug|Any CPU
		{4D6EEA9B-2797-454C-A93B-E8B63655A5DC}.Debug|x86.ActiveCfg = Debug|Any CPU
		{4D6EEA9B-2797-454C-A93B-E8B63655A5DC}.Debug|x86.Build.0 = Debug|Any CPU
		{4D6EEA9B-2797-454C-A93B-E8B63655A5DC}.Release|Any CPU.ActiveCfg = Release|Any CPU
		{4D6EEA9B-2797-454C-A93B-E8B63655A5DC}.Release|Any CPU.Build.0 = Release|Any CPU
		{4D6EEA9B-2797-454C-A93B-E8B63655A5DC}.Release|x86.ActiveCfg = Release|Any CPU
		{4D6EEA9B-2797-454C-A93B-E8B63655A5DC}.Release|x86.Build.0 = Release|Any CPU
		{918525F6-635E-4D56-A85C-7F4C5E95E822}.Debug|Any CPU.ActiveCfg = Debug|Any CPU
		{918525F6-635E-4D56-A85C-7F4C5E95E822}.Debug|Any CPU.Build.0 = Debug|Any CPU
		{918525F6-635E-4D56-A85C-7F4C5E95E822}.Debug|x86.ActiveCfg = Debug|Any CPU
		{918525F6-635E-4D56-A85C-7F4C5E95E822}.Debug|x86.Build.0 = Debug|Any CPU
		{918525F6-635E-4D56-A85C-7F4C5E95E822}.Release|Any CPU.ActiveCfg = Release|Any CPU
		{918525F6-635E-4D56-A85C-7F4C5E95E822}.Release|Any CPU.Build.0 = Release|Any CPU
		{918525F6-635E-4D56-A85C-7F4C5E95E822}.Release|x86.ActiveCfg = Release|Any CPU
		{918525F6-635E-4D56-A85C-7F4C5E95E822}.Release|x86.Build.0 = Release|Any CPU
		{E1F918F4-F581-4280-9D91-3CF77B24C290}.Debug|Any CPU.ActiveCfg = Debug|Any CPU
		{E1F918F4-F581-4280-9D91-3CF77B24C290}.Debug|Any CPU.Build.0 = Debug|Any CPU
		{E1F918F4-F581-4280-9D91-3CF77B24C290}.Debug|x86.ActiveCfg = Debug|Any CPU
		{E1F918F4-F581-4280-9D91-3CF77B24C290}.Debug|x86.Build.0 = Debug|Any CPU
		{E1F918F4-F581-4280-9D91-3CF77B24C290}.Release|Any CPU.ActiveCfg = Release|Any CPU
		{E1F918F4-F581-4280-9D91-3CF77B24C290}.Release|Any CPU.Build.0 = Release|Any CPU
		{E1F918F4-F581-4280-9D91-3CF77B24C290}.Release|x86.ActiveCfg = Release|Any CPU
		{E1F918F4-F581-4280-9D91-3CF77B24C290}.Release|x86.Build.0 = Release|Any CPU
		{0B50A4FE-EC0F-49ED-9B92-D291F334299C}.Debug|Any CPU.ActiveCfg = Debug|Any CPU
		{0B50A4FE-EC0F-49ED-9B92-D291F334299C}.Debug|Any CPU.Build.0 = Debug|Any CPU
		{0B50A4FE-EC0F-49ED-9B92-D291F334299C}.Debug|x86.ActiveCfg = Debug|Any CPU
		{0B50A4FE-EC0F-49ED-9B92-D291F334299C}.Debug|x86.Build.0 = Debug|Any CPU
		{0B50A4FE-EC0F-49ED-9B92-D291F334299C}.Release|Any CPU.ActiveCfg = Release|Any CPU
		{0B50A4FE-EC0F-49ED-9B92-D291F334299C}.Release|Any CPU.Build.0 = Release|Any CPU
		{0B50A4FE-EC0F-49ED-9B92-D291F334299C}.Release|x86.ActiveCfg = Release|Any CPU
		{0B50A4FE-EC0F-49ED-9B92-D291F334299C}.Release|x86.Build.0 = Release|Any CPU
		{0521BF9C-A5A1-4AEA-9FB5-AADEF38343E2}.Debug|Any CPU.ActiveCfg = Debug|Win32
		{0521BF9C-A5A1-4AEA-9FB5-AADEF38343E2}.Debug|x86.ActiveCfg = Debug|Win32
		{0521BF9C-A5A1-4AEA-9FB5-AADEF38343E2}.Debug|x86.Build.0 = Debug|Win32
		{0521BF9C-A5A1-4AEA-9FB5-AADEF38343E2}.Release|Any CPU.ActiveCfg = Release|Win32
		{0521BF9C-A5A1-4AEA-9FB5-AADEF38343E2}.Release|x86.ActiveCfg = Release|Win32
		{0521BF9C-A5A1-4AEA-9FB5-AADEF38343E2}.Release|x86.Build.0 = Release|Win32
	EndGlobalSection
	GlobalSection(SolutionProperties) = preSolution
		HideSolutionNode = FALSE
	EndGlobalSection
EndGlobal
